
Microsoft Visual Studio Solution File, Format Version 12.00
# Visual Studio Version 17
VisualStudioVersion = 17.9.34714.143
MinimumVisualStudioVersion = 10.0.40219.1
Project("{FAE04EC0-301F-11D3-BF4B-00C04F79EFBC}") = "OOP Presipleri", "OOP Presipleri\OOP Presipleri.csproj", "{0675BBD3-9E7E-41EE-B330-D4927CC2E005}"
EndProject
Global
	GlobalSection(SolutionConfigurationPlatforms) = preSolution
		Debug|Any CPU = Debug|Any CPU
		Release|Any CPU = Release|Any CPU
	EndGlobalSection
	GlobalSection(ProjectConfigurationPlatforms) = postSolution
		{0675BBD3-9E7E-41EE-B330-D4927CC2E005}.Debug|Any CPU.ActiveCfg = Debug|Any CPU
		{0675BBD3-9E7E-41EE-B330-D4927CC2E005}.Debug|Any CPU.Build.0 = Debug|Any CPU
		{0675BBD3-9E7E-41EE-B330-D4927CC2E005}.Release|Any CPU.ActiveCfg = Release|Any CPU
		{0675BBD3-9E7E-41EE-B330-D4927CC2E005}.Release|Any CPU.Build.0 = Release|Any CPU
	EndGlobalSection
	GlobalSection(SolutionProperties) = preSolution
		HideSolutionNode = FALSE
	EndGlobalSection
	GlobalSection(ExtensibilityGlobals) = postSolution
		SolutionGuid = {99DCC795-82F5-4567-BD3E-75EE8377C2FE}
	EndGlobalSection
EndGlobal
